
Microsoft Visual Studio Solution File, Format Version 11.00
# Visual Studio 2010
Project("{FAE04EC0-301F-11D3-BF4B-00C04F79EFBC}") = "SmartCane", "Assembly-CSharp.csproj", "{D45515DD-3170-1B88-6266-75AF64727401}"
EndProject
Project("{FAE04EC0-301F-11D3-BF4B-00C04F79EFBC}") = "SmartCane", "Assembly-CSharp-firstpass.csproj", "{6F147DC1-E517-59D0-CDEF-765D6511FE11}"
EndProject
Project("{FAE04EC0-301F-11D3-BF4B-00C04F79EFBC}") = "SmartCane", "Assembly-CSharp-Editor-firstpass.csproj", "{D88B8F4A-4ABF-AA4E-1C6F-7DF648DC7DE1}"
EndProject
Global
	GlobalSection(SolutionConfigurationPlatforms) = preSolution
		Debug|Any CPU = Debug|Any CPU
		Release|Any CPU = Release|Any CPU
	EndGlobalSection
	GlobalSection(ProjectConfigurationPlatforms) = postSolution
		{D45515DD-3170-1B88-6266-75AF64727401}.Debug|Any CPU.ActiveCfg = Debug|Any CPU
		{D45515DD-3170-1B88-6266-75AF64727401}.Debug|Any CPU.Build.0 = Debug|Any CPU
		{D45515DD-3170-1B88-6266-75AF64727401}.Release|Any CPU.ActiveCfg = Release|Any CPU
		{D45515DD-3170-1B88-6266-75AF64727401}.Release|Any CPU.Build.0 = Release|Any CPU
		{6F147DC1-E517-59D0-CDEF-765D6511FE11}.Debug|Any CPU.ActiveCfg = Debug|Any CPU
		{6F147DC1-E517-59D0-CDEF-765D6511FE11}.Debug|Any CPU.Build.0 = Debug|Any CPU
		{6F147DC1-E517-59D0-CDEF-765D6511FE11}.Release|Any CPU.ActiveCfg = Release|Any CPU
		{6F147DC1-E517-59D0-CDEF-765D6511FE11}.Release|Any CPU.Build.0 = Release|Any CPU
		{D88B8F4A-4ABF-AA4E-1C6F-7DF648DC7DE1}.Debug|Any CPU.ActiveCfg = Debug|Any CPU
		{D88B8F4A-4ABF-AA4E-1C6F-7DF648DC7DE1}.Debug|Any CPU.Build.0 = Debug|Any CPU
		{D88B8F4A-4ABF-AA4E-1C6F-7DF648DC7DE1}.Release|Any CPU.ActiveCfg = Release|Any CPU
		{D88B8F4A-4ABF-AA4E-1C6F-7DF648DC7DE1}.Release|Any CPU.Build.0 = Release|Any CPU
	EndGlobalSection
	GlobalSection(SolutionProperties) = preSolution
		HideSolutionNode = FALSE
	EndGlobalSection
	GlobalSection(MonoDevelopProperties) = preSolution
		StartupItem = Assembly-CSharp.csproj
	EndGlobalSection
EndGlobal
